Microsoft Visual Studio Solution File, Format Version 11.00
# Visual Studio 2008

Project("{E4C36F81-2379-148F-4454-1B2E5A18FCC6}") = "garbagedump", "Assembly-CSharp.csproj", "{B8A0AF5D-49ED-F46B-88EE-1BDF79A12A18}"
EndProject
Global
	GlobalSection(SolutionConfigurationPlatforms) = preSolution
		Debug|Any CPU = Debug|Any CPU
		Release|Any CPU = Release|Any CPU
	EndGlobalSection
	GlobalSection(ProjectConfigurationPlatforms) = postSolution
		{B8A0AF5D-49ED-F46B-88EE-1BDF79A12A18}.Debug|Any CPU.ActiveCfg = Debug|Any CPU
		{B8A0AF5D-49ED-F46B-88EE-1BDF79A12A18}.Debug|Any CPU.Build.0 = Debug|Any CPU
		{B8A0AF5D-49ED-F46B-88EE-1BDF79A12A18}.Release|Any CPU.ActiveCfg = Release|Any CPU
		{B8A0AF5D-49ED-F46B-88EE-1BDF79A12A18}.Release|Any CPU.Build.0 = Release|Any CPU
	EndGlobalSection
	GlobalSection(SolutionProperties) = preSolution
		HideSolutionNode = FALSE
	EndGlobalSection
	
EndGlobal
